<?xml version="1.0" encoding="utf-8"?>
<Project ToolsVersion="4.0" xmlns="http://schemas.microsoft.com/developer/msbuild/2003">
  <ItemGroup>
    <Filter Include="Source Files">
      <UniqueIdentifier>{4FC737F1-C7A5-4376-A066-2A32D752A2FF}</UniqueIdentifier>
      <Extensions>cpp;c;cc;cxx;c++;cppm;ixx;def;odl;idl;hpj;bat;asm;asmx</Extensions>
    </Filter>
    <Filter Include="Header Files">
      <UniqueIdentifier>{93995380-89BD-4b04-88EB-625FBE52EBFB}</UniqueIdentifier>
      <Extensions>h;hh;hpp;hxx;h++;hm;inl;inc;ipp;xsd</Extensions>
    </Filter>
    <Filter Include="Resource Files">
      <UniqueIdentifier>{67DA6AB6-F800-4c08-8B7A-83BB121AAD01}</UniqueIdentifier>
      <Extensions>rc;ico;cur;bmp;dlg;rc2;rct;bin;rgs;gif;jpg;jpeg;jpe;resx;tiff;tif;png;wav;mfcribbon-ms</Extensions>
    </Filter>
    <Filter Include="Level">
      <UniqueIdentifier>{cbb67de2-e44e-4d58-b1b4-5c12ed350bae}</UniqueIdentifier>
    </Filter>
    <Filter Include="Header">
      <UniqueIdentifier>{51357d45-6c58-48ba-afa2-6b6f0eb6d2f4}</UniqueIdentifier>
    </Filter>
    <Filter Include="Menu">
      <UniqueIdentifier>{dcd00e61-fc1f-4bd9-b9a5-480f750473ee}</UniqueIdentifier>
    </Filter>
    <Filter Include="SetUp">
      <UniqueIdentifier>{6463a1eb-415a-4ec4-85dd-e58ab4f19e20}</UniqueIdentifier>
    </Filter>
    <Filter Include="HighScore">
      <UniqueIdentifier>{c3ee6661-31ca-4bf3-be14-47c8a6962a7f}</UniqueIdentifier>
    </Filter>
    <Filter Include="Graphics">
      <UniqueIdentifier>{2d8ca414-275f-429c-8321-adc93b3cadff}</UniqueIdentifier>
    </Filter>
    <Filter Include="LoadGame">
      <UniqueIdentifier>{2daf0306-4813-4d46-b3be-026df2d6df76}</UniqueIdentifier>
    </Filter>
  </ItemGroup>
  <ItemGroup>
    <ClCompile Include="snake.cpp">
      <Filter>Source Files</Filter>
    </ClCompile>
    <ClCompile Include="Level.cpp">
      <Filter>Level</Filter>
    </ClCompile>
    <ClCompile Include="Header.h">
      <Filter>Header</Filter>
    </ClCompile>
    <ClCompile Include="Menu.cpp">
      <Filter>Menu</Filter>
    </ClCompile>
    <ClCompile Include="SetUp.cpp">
      <Filter>SetUp</Filter>
    </ClCompile>
    <ClCompile Include="Header.cpp">
      <Filter>Header</Filter>
    </ClCompile>
    <ClCompile Include="Sound.cpp">
      <Filter>Source Files</Filter>
    </ClCompile>
    <ClCompile Include="HighScore.cpp">
      <Filter>HighScore</Filter>
    </ClCompile>
    <ClCompile Include="Graphics.cpp">
      <Filter>Graphics</Filter>
    </ClCompile>
    <ClCompile Include="LoadGame.cpp">
      <Filter>LoadGame</Filter>
    </ClCompile>
  </ItemGroup>
  <ItemGroup>
    <ClInclude Include="Level.h">
      <Filter>Level</Filter>
    </ClInclude>
    <ClInclude Include="Menu.h">
      <Filter>Menu</Filter>
    </ClInclude>
    <ClInclude Include="SetUp.h">
      <Filter>SetUp</Filter>
    </ClInclude>
    <ClInclude Include="Sound.h">
      <Filter>Source Files</Filter>
    </ClInclude>
    <ClInclude Include="HighScore.h">
      <Filter>HighScore</Filter>
    </ClInclude>
    <ClInclude Include="Graphics.h">
      <Filter>Graphics</Filter>
    </ClInclude>
    <ClInclude Include="LoadGame.h">
      <Filter>LoadGame</Filter>
    </ClInclude>
  </ItemGroup>
  <ItemGroup>
    <Media Include="eatingSound.wav">
      <Filter>Source Files</Filter>
    </Media>
  </ItemGroup>
</Project>